
Microsoft Visual Studio Solution File, Format Version 12.00
# Visual Studio Version 18
VisualStudioVersion = 18.5.11716.220
MinimumVisualStudioVersion = 10.0.40219.1
Project("{FAE04EC0-301F-11D3-BF4B-00C04F79EFBC}") = "EventMgtApi.Contracts", "EventMgtApi.Contracts\EventMgtApi.Contracts.csproj", "{15E0AD2E-72E8-4781-B5FB-6E1ACB3F5B9D}"
EndProject
Project("{2150E333-8FDC-42A3-9474-1A3956D46DE8}") = "Services", "Services", "{67DC810E-279B-4026-A588-100FD2F3CC0F}"
EndProject
Project("{2150E333-8FDC-42A3-9474-1A3956D46DE8}") = "UserService", "UserService", "{8B0A1B27-775F-4BC7-8E96-76C2059D408A}"
EndProject
Project("{2150E333-8FDC-42A3-9474-1A3956D46DE8}") = "EventService", "EventService", "{7320E007-0C1A-477C-B3F9-1DCCAFC66EFB}"
EndProject
Project("{2150E333-8FDC-42A3-9474-1A3956D46DE8}") = "BookingService", "BookingService", "{3824DE00-9432-4EFC-BE06-2CC56D67C074}"
EndProject
Project("{FAE04EC0-301F-11D3-BF4B-00C04F79EFBC}") = "EventMgtApi.BookingsService.Application", "EventMgtApi.BookingsService\EventMgtApi.BookingsService.Application\EventMgtApi.BookingsService.Application.csproj", "{324BA76A-6987-250A-81C2-B66B33B06331}"
EndProject
Project("{FAE04EC0-301F-11D3-BF4B-00C04F79EFBC}") = "EventMgtApi.BookingsService.Domain", "EventMgtApi.BookingsService\EventMgtApi.BookingsService.Domain\EventMgtApi.BookingsService.Domain.csproj", "{78947F55-4DAF-E336-A49E-39C39D01A76C}"
EndProject
Project("{FAE04EC0-301F-11D3-BF4B-00C04F79EFBC}") = "EventMgtApi.BookingsService.Infrastructure", "EventMgtApi.BookingsService\EventMgtApi.BookingsService.Infrastructure\EventMgtApi.BookingsService.Infrastructure.csproj", "{C5941A59-01EC-491B-9980-E32B0059C6BE}"
EndProject
Project("{FAE04EC0-301F-11D3-BF4B-00C04F79EFBC}") = "EventMgtApi.BookingsService.Web", "EventMgtApi.BookingsService\EventMgtApi.BookingsService.Web\EventMgtApi.BookingsService.Web.csproj", "{E4D13A9C-8D6D-9157-40EE-A20D8FB2B484}"
EndProject
Project("{FAE04EC0-301F-11D3-BF4B-00C04F79EFBC}") = "EventMgtApi.EventsService.Application", "EventMgtApi.EventsService\EventMgtApi.EventsService.Application\EventMgtApi.EventsService.Application.csproj", "{9B696873-474A-FA89-AFE8-08F9C4484999}"
EndProject
Project("{FAE04EC0-301F-11D3-BF4B-00C04F79EFBC}") = "EventMgtApi.EventsService.Domain", "EventMgtApi.EventsService\EventMgtApi.EventsService.Domain\EventMgtApi.EventsService.Domain.csproj", "{702CEDB0-EFE0-A3D7-490E-3D602F615F68}"
EndProject
Project("{FAE04EC0-301F-11D3-BF4B-00C04F79EFBC}") = "EventMgtApi.EventsService.Infrastructure", "EventMgtApi.EventsService\EventMgtApi.EventsService.Infrastructure\EventMgtApi.EventsService.Infrastructure.csproj", "{4503BE69-EDEF-E107-1946-AF33BCD48FFE}"
EndProject
Project("{FAE04EC0-301F-11D3-BF4B-00C04F79EFBC}") = "EventMgtApi.EventsService.Web", "EventMgtApi.EventsService\EventMgtApi.EventsService.Web\EventMgtApi.EventsService.Web.csproj", "{3BF870D5-9CD7-6223-A5CC-3E0672BD9AA8}"
EndProject
Project("{FAE04EC0-301F-11D3-BF4B-00C04F79EFBC}") = "EventMgtApi.UsersService.Application", "EventMgtApi.UsersService\EventMgtApi.UsersService.Application\EventMgtApi.UsersService.Application.csproj", "{3AEFF0E4-DFD5-290E-F4EF-563F5A22FE68}"
EndProject
Project("{FAE04EC0-301F-11D3-BF4B-00C04F79EFBC}") = "EventMgtApi.UsersService.Domain", "EventMgtApi.UsersService\EventMgtApi.UsersService.Domain\EventMgtApi.UsersService.Domain.csproj", "{C054528E-E96F-841C-8E9F-77FA50CCD99D}"
EndProject
Project("{FAE04EC0-301F-11D3-BF4B-00C04F79EFBC}") = "EventMgtApi.UsersService.Infrastructure", "EventMgtApi.UsersService\EventMgtApi.UsersService.Infrastructure\EventMgtApi.UsersService.Infrastructure.csproj", "{5FFDB345-2B2D-6178-6CDF-83A827EDD06F}"
EndProject
Project("{FAE04EC0-301F-11D3-BF4B-00C04F79EFBC}") = "EventMgtApi.UsersService.Web", "EventMgtApi.UsersService\EventMgtApi.UsersService.Web\EventMgtApi.UsersService.Web.csproj", "{3EE72248-5ED4-AD40-48C6-76AA69AFA7D6}"
EndProject
Project("{FAE04EC0-301F-11D3-BF4B-00C04F79EFBC}") = "EventMgtApi.EventsService.Tests", "EventMgtApi.EventsService\EventMgtApi.EventsService.Tests\EventMgtApi.EventsService.Tests.csproj", "{A2B3C4D5-E6F7-4890-ABCD-EF1234567890}"
EndProject
Global
	GlobalSection(SolutionConfigurationPlatforms) = preSolution
		Debug|Any CPU = Debug|Any CPU
		Debug|x64 = Debug|x64
		Debug|x86 = Debug|x86
		Release|Any CPU = Release|Any CPU
		Release|x64 = Release|x64
		Release|x86 = Release|x86
	EndGlobalSection
	GlobalSection(ProjectConfigurationPlatforms) = postSolution
		{15E0AD2E-72E8-4781-B5FB-6E1ACB3F5B9D}.Debug|Any CPU.ActiveCfg = Debug|Any CPU
		{15E0AD2E-72E8-4781-B5FB-6E1ACB3F5B9D}.Debug|Any CPU.Build.0 = Debug|Any CPU
		{15E0AD2E-72E8-4781-B5FB-6E1ACB3F5B9D}.Debug|x64.ActiveCfg = Debug|Any CPU
		{15E0AD2E-72E8-4781-B5FB-6E1ACB3F5B9D}.Debug|x64.Build.0 = Debug|Any CPU
		{15E0AD2E-72E8-4781-B5FB-6E1ACB3F5B9D}.Debug|x86.ActiveCfg = Debug|Any CPU
		{15E0AD2E-72E8-4781-B5FB-6E1ACB3F5B9D}.Debug|x86.Build.0 = Debug|Any CPU
		{15E0AD2E-72E8-4781-B5FB-6E1ACB3F5B9D}.Release|Any CPU.ActiveCfg = Release|Any CPU
		{15E0AD2E-72E8-4781-B5FB-6E1ACB3F5B9D}.Release|Any CPU.Build.0 = Release|Any CPU
		{15E0AD2E-72E8-4781-B5FB-6E1ACB3F5B9D}.Release|x64.ActiveCfg = Release|Any CPU
		{15E0AD2E-72E8-4781-B5FB-6E1ACB3F5B9D}.Release|x64.Build.0 = Release|Any CPU
		{15E0AD2E-72E8-4781-B5FB-6E1ACB3F5B9D}.Release|x86.ActiveCfg = Release|Any CPU
		{15E0AD2E-72E8-4781-B5FB-6E1ACB3F5B9D}.Release|x86.Build.0 = Release|Any CPU
		{324BA76A-6987-250A-81C2-B66B33B06331}.Debug|Any CPU.ActiveCfg = Debug|Any CPU
		{324BA76A-6987-250A-81C2-B66B33B06331}.Debug|Any CPU.Build.0 = Debug|Any CPU
		{324BA76A-6987-250A-81C2-B66B33B06331}.Debug|x64.ActiveCfg = Debug|Any CPU
		{324BA76A-6987-250A-81C2-B66B33B06331}.Debug|x64.Build.0 = Debug|Any CPU
		{324BA76A-6987-250A-81C2-B66B33B06331}.Debug|x86.ActiveCfg = Debug|Any CPU
		{324BA76A-6987-250A-81C2-B66B33B06331}.Debug|x86.Build.0 = Debug|Any CPU
		{324BA76A-6987-250A-81C2-B66B33B06331}.Release|Any CPU.ActiveCfg = Release|Any CPU
		{324BA76A-6987-250A-81C2-B66B33B06331}.Release|Any CPU.Build.0 = Release|Any CPU
		{324BA76A-6987-250A-81C2-B66B33B06331}.Release|x64.ActiveCfg = Release|Any CPU
		{324BA76A-6987-250A-81C2-B66B33B06331}.Release|x64.Build.0 = Release|Any CPU
		{324BA76A-6987-250A-81C2-B66B33B06331}.Release|x86.ActiveCfg = Release|Any CPU
		{324BA76A-6987-250A-81C2-B66B33B06331}.Release|x86.Build.0 = Release|Any CPU
		{78947F55-4DAF-E336-A49E-39C39D01A76C}.Debug|Any CPU.ActiveCfg = Debug|Any CPU
		{78947F55-4DAF-E336-A49E-39C39D01A76C}.Debug|Any CPU.Build.0 = Debug|Any CPU
		{78947F55-4DAF-E336-A49E-39C39D01A76C}.Debug|x64.ActiveCfg = Debug|Any CPU
		{78947F55-4DAF-E336-A49E-39C39D01A76C}.Debug|x64.Build.0 = Debug|Any CPU
		{78947F55-4DAF-E336-A49E-39C39D01A76C}.Debug|x86.ActiveCfg = Debug|Any CPU
		{78947F55-4DAF-E336-A49E-39C39D01A76C}.Debug|x86.Build.0 = Debug|Any CPU
		{78947F55-4DAF-E336-A49E-39C39D01A76C}.Release|Any CPU.ActiveCfg = Release|Any CPU
		{78947F55-4DAF-E336-A49E-39C39D01A76C}.Release|Any CPU.Build.0 = Release|Any CPU
		{78947F55-4DAF-E336-A49E-39C39D01A76C}.Release|x64.ActiveCfg = Release|Any CPU
		{78947F55-4DAF-E336-A49E-39C39D01A76C}.Release|x64.Build.0 = Release|Any CPU
		{78947F55-4DAF-E336-A49E-39C39D01A76C}.Release|x86.ActiveCfg = Release|Any CPU
		{78947F55-4DAF-E336-A49E-39C39D01A76C}.Release|x86.Build.0 = Release|Any CPU
		{C5941A59-01EC-491B-9980-E32B0059C6BE}.Debug|Any CPU.ActiveCfg = Debug|Any CPU
		{C5941A59-01EC-491B-9980-E32B0059C6BE}.Debug|Any CPU.Build.0 = Debug|Any CPU
		{C5941A59-01EC-491B-9980-E32B0059C6BE}.Debug|x64.ActiveCfg = Debug|Any CPU
		{C5941A59-01EC-491B-9980-E32B0059C6BE}.Debug|x64.Build.0 = Debug|Any CPU
		{C5941A59-01EC-491B-9980-E32B0059C6BE}.Debug|x86.ActiveCfg = Debug|Any CPU
		{C5941A59-01EC-491B-9980-E32B0059C6BE}.Debug|x86.Build.0 = Debug|Any CPU
		{C5941A59-01EC-491B-9980-E32B0059C6BE}.Release|Any CPU.ActiveCfg = Release|Any CPU
		{C5941A59-01EC-491B-9980-E32B0059C6BE}.Release|Any CPU.Build.0 = Release|Any CPU
		{C5941A59-01EC-491B-9980-E32B0059C6BE}.Release|x64.ActiveCfg = Release|Any CPU
		{C5941A59-01EC-491B-9980-E32B0059C6BE}.Release|x64.Build.0 = Release|Any CPU
		{C5941A59-01EC-491B-9980-E32B0059C6BE}.Release|x86.ActiveCfg = Release|Any CPU
		{C5941A59-01EC-491B-9980-E32B0059C6BE}.Release|x86.Build.0 = Release|Any CPU
		{E4D13A9C-8D6D-9157-40EE-A20D8FB2B484}.Debug|Any CPU.ActiveCfg = Debug|Any CPU
		{E4D13A9C-8D6D-9157-40EE-A20D8FB2B484}.Debug|Any CPU.Build.0 = Debug|Any CPU
		{E4D13A9C-8D6D-9157-40EE-A20D8FB2B484}.Debug|x64.ActiveCfg = Debug|Any CPU
		{E4D13A9C-8D6D-9157-40EE-A20D8FB2B484}.Debug|x64.Build.0 = Debug|Any CPU
		{E4D13A9C-8D6D-9157-40EE-A20D8FB2B484}.Debug|x86.ActiveCfg = Debug|Any CPU
		{E4D13A9C-8D6D-9157-40EE-A20D8FB2B484}.Debug|x86.Build.0 = Debug|Any CPU
		{E4D13A9C-8D6D-9157-40EE-A20D8FB2B484}.Release|Any CPU.ActiveCfg = Release|Any CPU
		{E4D13A9C-8D6D-9157-40EE-A20D8FB2B484}.Release|Any CPU.Build.0 = Release|Any CPU
		{E4D13A9C-8D6D-9157-40EE-A20D8FB2B484}.Release|x64.ActiveCfg = Release|Any CPU
		{E4D13A9C-8D6D-9157-40EE-A20D8FB2B484}.Release|x64.Build.0 = Release|Any CPU
		{E4D13A9C-8D6D-9157-40EE-A20D8FB2B484}.Release|x86.ActiveCfg = Release|Any CPU
		{E4D13A9C-8D6D-9157-40EE-A20D8FB2B484}.Release|x86.Build.0 = Release|Any CPU
		{9B696873-474A-FA89-AFE8-08F9C4484999}.Debug|Any CPU.ActiveCfg = Debug|Any CPU
		{9B696873-474A-FA89-AFE8-08F9C4484999}.Debug|Any CPU.Build.0 = Debug|Any CPU
		{9B696873-474A-FA89-AFE8-08F9C4484999}.Debug|x64.ActiveCfg = Debug|Any CPU
		{9B696873-474A-FA89-AFE8-08F9C4484999}.Debug|x64.Build.0 = Debug|Any CPU
		{9B696873-474A-FA89-AFE8-08F9C4484999}.Debug|x86.ActiveCfg = Debug|Any CPU
		{9B696873-474A-FA89-AFE8-08F9C4484999}.Debug|x86.Build.0 = Debug|Any CPU
		{9B696873-474A-FA89-AFE8-08F9C4484999}.Release|Any CPU.ActiveCfg = Release|Any CPU
		{9B696873-474A-FA89-AFE8-08F9C4484999}.Release|Any CPU.Build.0 = Release|Any CPU
		{9B696873-474A-FA89-AFE8-08F9C4484999}.Release|x64.ActiveCfg = Release|Any CPU
		{9B696873-474A-FA89-AFE8-08F9C4484999}.Release|x64.Build.0 = Release|Any CPU
		{9B696873-474A-FA89-AFE8-08F9C4484999}.Release|x86.ActiveCfg = Release|Any CPU
		{9B696873-474A-FA89-AFE8-08F9C4484999}.Release|x86.Build.0 = Release|Any CPU
		{702CEDB0-EFE0-A3D7-490E-3D602F615F68}.Debug|Any CPU.ActiveCfg = Debug|Any CPU
		{702CEDB0-EFE0-A3D7-490E-3D602F615F68}.Debug|Any CPU.Build.0 = Debug|Any CPU
		{702CEDB0-EFE0-A3D7-490E-3D602F615F68}.Debug|x64.ActiveCfg = Debug|Any CPU
		{702CEDB0-EFE0-A3D7-490E-3D602F615F68}.Debug|x64.Build.0 = Debug|Any CPU
		{702CEDB0-EFE0-A3D7-490E-3D602F615F68}.Debug|x86.ActiveCfg = Debug|Any CPU
		{702CEDB0-EFE0-A3D7-490E-3D602F615F68}.Debug|x86.Build.0 = Debug|Any CPU
		{702CEDB0-EFE0-A3D7-490E-3D602F615F68}.Release|Any CPU.ActiveCfg = Release|Any CPU
		{702CEDB0-EFE0-A3D7-490E-3D602F615F68}.Release|Any CPU.Build.0 = Release|Any CPU
		{702CEDB0-EFE0-A3D7-490E-3D602F615F68}.Release|x64.ActiveCfg = Release|Any CPU
		{702CEDB0-EFE0-A3D7-490E-3D602F615F68}.Release|x64.Build.0 = Release|Any CPU
		{702CEDB0-EFE0-A3D7-490E-3D602F615F68}.Release|x86.ActiveCfg = Release|Any CPU
		{702CEDB0-EFE0-A3D7-490E-3D602F615F68}.Release|x86.Build.0 = Release|Any CPU
		{4503BE69-EDEF-E107-1946-AF33BCD48FFE}.Debug|Any CPU.ActiveCfg = Debug|Any CPU
		{4503BE69-EDEF-E107-1946-AF33BCD48FFE}.Debug|Any CPU.Build.0 = Debug|Any CPU
		{4503BE69-EDEF-E107-1946-AF33BCD48FFE}.Debug|x64.ActiveCfg = Debug|Any CPU
		{4503BE69-EDEF-E107-1946-AF33BCD48FFE}.Debug|x64.Build.0 = Debug|Any CPU
		{4503BE69-EDEF-E107-1946-AF33BCD48FFE}.Debug|x86.ActiveCfg = Debug|Any CPU
		{4503BE69-EDEF-E107-1946-AF33BCD48FFE}.Debug|x86.Build.0 = Debug|Any CPU
		{4503BE69-EDEF-E107-1946-AF33BCD48FFE}.Release|Any CPU.ActiveCfg = Release|Any CPU
		{4503BE69-EDEF-E107-1946-AF33BCD48FFE}.Release|Any CPU.Build.0 = Release|Any CPU
		{4503BE69-EDEF-E107-1946-AF33BCD48FFE}.Release|x64.ActiveCfg = Release|Any CPU
		{4503BE69-EDEF-E107-1946-AF33BCD48FFE}.Release|x64.Build.0 = Release|Any CPU
		{4503BE69-EDEF-E107-1946-AF33BCD48FFE}.Release|x86.ActiveCfg = Release|Any CPU
		{4503BE69-EDEF-E107-1946-AF33BCD48FFE}.Release|x86.Build.0 = Release|Any CPU
		{3BF870D5-9CD7-6223-A5CC-3E0672BD9AA8}.Debug|Any CPU.ActiveCfg = Debug|Any CPU
		{3BF870D5-9CD7-6223-A5CC-3E0672BD9AA8}.Debug|Any CPU.Build.0 = Debug|Any CPU
		{3BF870D5-9CD7-6223-A5CC-3E0672BD9AA8}.Debug|x64.ActiveCfg = Debug|Any CPU
		{3BF870D5-9CD7-6223-A5CC-3E0672BD9AA8}.Debug|x64.Build.0 = Debug|Any CPU
		{3BF870D5-9CD7-6223-A5CC-3E0672BD9AA8}.Debug|x86.ActiveCfg = Debug|Any CPU
		{3BF870D5-9CD7-6223-A5CC-3E0672BD9AA8}.Debug|x86.Build.0 = Debug|Any CPU
		{3BF870D5-9CD7-6223-A5CC-3E0672BD9AA8}.Release|Any CPU.ActiveCfg = Release|Any CPU
		{3BF870D5-9CD7-6223-A5CC-3E0672BD9AA8}.Release|Any CPU.Build.0 = Release|Any CPU
		{3BF870D5-9CD7-6223-A5CC-3E0672BD9AA8}.Release|x64.ActiveCfg = Release|Any CPU
		{3BF870D5-9CD7-6223-A5CC-3E0672BD9AA8}.Release|x64.Build.0 = Release|Any CPU
		{3BF870D5-9CD7-6223-A5CC-3E0672BD9AA8}.Release|x86.ActiveCfg = Release|Any CPU
		{3BF870D5-9CD7-6223-A5CC-3E0672BD9AA8}.Release|x86.Build.0 = Release|Any CPU
		{3AEFF0E4-DFD5-290E-F4EF-563F5A22FE68}.Debug|Any CPU.ActiveCfg = Debug|Any CPU
		{3AEFF0E4-DFD5-290E-F4EF-563F5A22FE68}.Debug|Any CPU.Build.0 = Debug|Any CPU
		{3AEFF0E4-DFD5-290E-F4EF-563F5A22FE68}.Debug|x64.ActiveCfg = Debug|Any CPU
		{3AEFF0E4-DFD5-290E-F4EF-563F5A22FE68}.Debug|x64.Build.0 = Debug|Any CPU
		{3AEFF0E4-DFD5-290E-F4EF-563F5A22FE68}.Debug|x86.ActiveCfg = Debug|Any CPU
		{3AEFF0E4-DFD5-290E-F4EF-563F5A22FE68}.Debug|x86.Build.0 = Debug|Any CPU
		{3AEFF0E4-DFD5-290E-F4EF-563F5A22FE68}.Release|Any CPU.ActiveCfg = Release|Any CPU
		{3AEFF0E4-DFD5-290E-F4EF-563F5A22FE68}.Release|Any CPU.Build.0 = Release|Any CPU
		{3AEFF0E4-DFD5-290E-F4EF-563F5A22FE68}.Release|x64.ActiveCfg = Release|Any CPU
		{3AEFF0E4-DFD5-290E-F4EF-563F5A22FE68}.Release|x64.Build.0 = Release|Any CPU
		{3AEFF0E4-DFD5-290E-F4EF-563F5A22FE68}.Release|x86.ActiveCfg = Release|Any CPU
		{3AEFF0E4-DFD5-290E-F4EF-563F5A22FE68}.Release|x86.Build.0 = Release|Any CPU
		{C054528E-E96F-841C-8E9F-77FA50CCD99D}.Debug|Any CPU.ActiveCfg = Debug|Any CPU
		{C054528E-E96F-841C-8E9F-77FA50CCD99D}.Debug|Any CPU.Build.0 = Debug|Any CPU
		{C054528E-E96F-841C-8E9F-77FA50CCD99D}.Debug|x64.ActiveCfg = Debug|Any CPU
		{C054528E-E96F-841C-8E9F-77FA50CCD99D}.Debug|x64.Build.0 = Debug|Any CPU
		{C054528E-E96F-841C-8E9F-77FA50CCD99D}.Debug|x86.ActiveCfg = Debug|Any CPU
		{C054528E-E96F-841C-8E9F-77FA50CCD99D}.Debug|x86.Build.0 = Debug|Any CPU
		{C054528E-E96F-841C-8E9F-77FA50CCD99D}.Release|Any CPU.ActiveCfg = Release|Any CPU
		{C054528E-E96F-841C-8E9F-77FA50CCD99D}.Release|Any CPU.Build.0 = Release|Any CPU
		{C054528E-E96F-841C-8E9F-77FA50CCD99D}.Release|x64.ActiveCfg = Release|Any CPU
		{C054528E-E96F-841C-8E9F-77FA50CCD99D}.Release|x64.Build.0 = Release|Any CPU
		{C054528E-E96F-841C-8E9F-77FA50CCD99D}.Release|x86.ActiveCfg = Release|Any CPU
		{C054528E-E96F-841C-8E9F-77FA50CCD99D}.Release|x86.Build.0 = Release|Any CPU
		{5FFDB345-2B2D-6178-6CDF-83A827EDD06F}.Debug|Any CPU.ActiveCfg = Debug|Any CPU
		{5FFDB345-2B2D-6178-6CDF-83A827EDD06F}.Debug|Any CPU.Build.0 = Debug|Any CPU
		{5FFDB345-2B2D-6178-6CDF-83A827EDD06F}.Debug|x64.ActiveCfg = Debug|Any CPU
		{5FFDB345-2B2D-6178-6CDF-83A827EDD06F}.Debug|x64.Build.0 = Debug|Any CPU
		{5FFDB345-2B2D-6178-6CDF-83A827EDD06F}.Debug|x86.ActiveCfg = Debug|Any CPU
		{5FFDB345-2B2D-6178-6CDF-83A827EDD06F}.Debug|x86.Build.0 = Debug|Any CPU
		{5FFDB345-2B2D-6178-6CDF-83A827EDD06F}.Release|Any CPU.ActiveCfg = Release|Any CPU
		{5FFDB345-2B2D-6178-6CDF-83A827EDD06F}.Release|Any CPU.Build.0 = Release|Any CPU
		{5FFDB345-2B2D-6178-6CDF-83A827EDD06F}.Release|x64.ActiveCfg = Release|Any CPU
		{5FFDB345-2B2D-6178-6CDF-83A827EDD06F}.Release|x64.Build.0 = Release|Any CPU
		{5FFDB345-2B2D-6178-6CDF-83A827EDD06F}.Release|x86.ActiveCfg = Release|Any CPU
		{5FFDB345-2B2D-6178-6CDF-83A827EDD06F}.Release|x86.Build.0 = Release|Any CPU
		{3EE72248-5ED4-AD40-48C6-76AA69AFA7D6}.Debug|Any CPU.ActiveCfg = Debug|Any CPU
		{3EE72248-5ED4-AD40-48C6-76AA69AFA7D6}.Debug|Any CPU.Build.0 = Debug|Any CPU
		{3EE72248-5ED4-AD40-48C6-76AA69AFA7D6}.Debug|x64.ActiveCfg = Debug|Any CPU
		{3EE72248-5ED4-AD40-48C6-76AA69AFA7D6}.Debug|x64.Build.0 = Debug|Any CPU
		{3EE72248-5ED4-AD40-48C6-76AA69AFA7D6}.Debug|x86.ActiveCfg = Debug|Any CPU
		{3EE72248-5ED4-AD40-48C6-76AA69AFA7D6}.Debug|x86.Build.0 = Debug|Any CPU
		{3EE72248-5ED4-AD40-48C6-76AA69AFA7D6}.Release|Any CPU.ActiveCfg = Release|Any CPU
		{3EE72248-5ED4-AD40-48C6-76AA69AFA7D6}.Release|Any CPU.Build.0 = Release|Any CPU
		{3EE72248-5ED4-AD40-48C6-76AA69AFA7D6}.Release|x64.ActiveCfg = Release|Any CPU
		{3EE72248-5ED4-AD40-48C6-76AA69AFA7D6}.Release|x64.Build.0 = Release|Any CPU
		{3EE72248-5ED4-AD40-48C6-76AA69AFA7D6}.Release|x86.ActiveCfg = Release|Any CPU
		{3EE72248-5ED4-AD40-48C6-76AA69AFA7D6}.Release|x86.Build.0 = Release|Any CPU
		{A2B3C4D5-E6F7-4890-ABCD-EF1234567890}.Debug|Any CPU.ActiveCfg = Debug|Any CPU
		{A2B3C4D5-E6F7-4890-ABCD-EF1234567890}.Debug|Any CPU.Build.0 = Debug|Any CPU
		{A2B3C4D5-E6F7-4890-ABCD-EF1234567890}.Debug|x64.ActiveCfg = Debug|Any CPU
		{A2B3C4D5-E6F7-4890-ABCD-EF1234567890}.Debug|x64.Build.0 = Debug|Any CPU
		{A2B3C4D5-E6F7-4890-ABCD-EF1234567890}.Debug|x86.ActiveCfg = Debug|Any CPU
		{A2B3C4D5-E6F7-4890-ABCD-EF1234567890}.Debug|x86.Build.0 = Debug|Any CPU
		{A2B3C4D5-E6F7-4890-ABCD-EF1234567890}.Release|Any CPU.ActiveCfg = Release|Any CPU
		{A2B3C4D5-E6F7-4890-ABCD-EF1234567890}.Release|Any CPU.Build.0 = Release|Any CPU
		{A2B3C4D5-E6F7-4890-ABCD-EF1234567890}.Release|x64.ActiveCfg = Release|Any CPU
		{A2B3C4D5-E6F7-4890-ABCD-EF1234567890}.Release|x64.Build.0 = Release|Any CPU
		{A2B3C4D5-E6F7-4890-ABCD-EF1234567890}.Release|x86.ActiveCfg = Release|Any CPU
		{A2B3C4D5-E6F7-4890-ABCD-EF1234567890}.Release|x86.Build.0 = Release|Any CPU
	EndGlobalSection
	GlobalSection(SolutionProperties) = preSolution
		HideSolutionNode = FALSE
	EndGlobalSection
	GlobalSection(NestedProjects) = preSolution
		{8B0A1B27-775F-4BC7-8E96-76C2059D408A} = {67DC810E-279B-4026-A588-100FD2F3CC0F}
		{7320E007-0C1A-477C-B3F9-1DCCAFC66EFB} = {67DC810E-279B-4026-A588-100FD2F3CC0F}
		{3824DE00-9432-4EFC-BE06-2CC56D67C074} = {67DC810E-279B-4026-A588-100FD2F3CC0F}
		{324BA76A-6987-250A-81C2-B66B33B06331} = {3824DE00-9432-4EFC-BE06-2CC56D67C074}
		{78947F55-4DAF-E336-A49E-39C39D01A76C} = {3824DE00-9432-4EFC-BE06-2CC56D67C074}
		{C5941A59-01EC-491B-9980-E32B0059C6BE} = {3824DE00-9432-4EFC-BE06-2CC56D67C074}
		{E4D13A9C-8D6D-9157-40EE-A20D8FB2B484} = {3824DE00-9432-4EFC-BE06-2CC56D67C074}
		{9B696873-474A-FA89-AFE8-08F9C4484999} = {7320E007-0C1A-477C-B3F9-1DCCAFC66EFB}
		{702CEDB0-EFE0-A3D7-490E-3D602F615F68} = {7320E007-0C1A-477C-B3F9-1DCCAFC66EFB}
		{4503BE69-EDEF-E107-1946-AF33BCD48FFE} = {7320E007-0C1A-477C-B3F9-1DCCAFC66EFB}
		{3BF870D5-9CD7-6223-A5CC-3E0672BD9AA8} = {7320E007-0C1A-477C-B3F9-1DCCAFC66EFB}
		{3AEFF0E4-DFD5-290E-F4EF-563F5A22FE68} = {8B0A1B27-775F-4BC7-8E96-76C2059D408A}
		{C054528E-E96F-841C-8E9F-77FA50CCD99D} = {8B0A1B27-775F-4BC7-8E96-76C2059D408A}
		{5FFDB345-2B2D-6178-6CDF-83A827EDD06F} = {8B0A1B27-775F-4BC7-8E96-76C2059D408A}
		{3EE72248-5ED4-AD40-48C6-76AA69AFA7D6} = {8B0A1B27-775F-4BC7-8E96-76C2059D408A}
		{A2B3C4D5-E6F7-4890-ABCD-EF1234567890} = {7320E007-0C1A-477C-B3F9-1DCCAFC66EFB}
	EndGlobalSection
	GlobalSection(ExtensibilityGlobals) = postSolution
		SolutionGuid = {DDF53DF2-E37F-4BC0-AA3E-07CF875844B1}
	EndGlobalSection
EndGlobal
